
Microsoft Visual Studio Solution File, Format Version 12.00
# Visual Studio Version 17
VisualStudioVersion = 17.5.33424.131
MinimumVisualStudioVersion = 10.0.40219.1
Project("{FAE04EC0-301F-11D3-BF4B-00C04F79EFBC}") = "Abueva_Perceptron", "Abueva_Perceptron\Abueva_Perceptron.csproj", "{0E298660-DB93-4AE4-998C-C51218454684}"
EndProject
Global
	GlobalSection(SolutionConfigurationPlatforms) = preSolution
		Debug|Any CPU = Debug|Any CPU
		Release|Any CPU = Release|Any CPU
	EndGlobalSection
	GlobalSection(ProjectConfigurationPlatforms) = postSolution
		{0E298660-DB93-4AE4-998C-C51218454684}.Debug|Any CPU.ActiveCfg = Debug|Any CPU
		{0E298660-DB93-4AE4-998C-C51218454684}.Debug|Any CPU.Build.0 = Debug|Any CPU
		{0E298660-DB93-4AE4-998C-C51218454684}.Release|Any CPU.ActiveCfg = Release|Any CPU
		{0E298660-DB93-4AE4-998C-C51218454684}.Release|Any CPU.Build.0 = Release|Any CPU
	EndGlobalSection
	GlobalSection(SolutionProperties) = preSolution
		HideSolutionNode = FALSE
	EndGlobalSection
	GlobalSection(ExtensibilityGlobals) = postSolution
		SolutionGuid = {35B55B24-0C24-4EF6-BB0F-FBD87619432C}
	EndGlobalSection
EndGlobal
